// !$*UTF8*$!
{
	archiveVersion = 1;
	classes = {
	};
	objectVersion = 46;
	objects = {

/* Begin PBXBuildFile section */
		0B3FCC8B1C343DCE00C46584 /* ContributorsVC.swift in Sources */ = {isa = PBXBuildFile; fileRef = 0B3FCC691C343DCE00C46584 /* ContributorsVC.swift */; };
		0B3FCC8C1C343DCE00C46584 /* DetailVC.swift in Sources */ = {isa = PBXBuildFile; fileRef = 0B3FCC6A1C343DCE00C46584 /* DetailVC.swift */; };
		0B3FCC8E1C343DCE00C46584 /* Localizations.swift in Sources */ = {isa = PBXBuildFile; fileRef = 0B3FCC6E1C343DCE00C46584 /* Localizations.swift */; };
		0B3FCC8F1C343DCE00C46584 /* AppDelegate.swift in Sources */ = {isa = PBXBuildFile; fileRef = 0B3FCC701C343DCE00C46584 /* AppDelegate.swift */; };
		0B3FCC901C343DCE00C46584 /* ContributorAPI.swift in Sources */ = {isa = PBXBuildFile; fileRef = 0B3FCC731C343DCE00C46584 /* ContributorAPI.swift */; };
		0B3FCC951C343DCE00C46584 /* Contributor.swift in Sources */ = {isa = PBXBuildFile; fileRef = 0B3FCC7A1C343DCE00C46584 /* Contributor.swift */; };
		0B3FCC961C343DCE00C46584 /* ContributorCell.swift in Sources */ = {isa = PBXBuildFile; fileRef = 0B3FCC7D1C343DCE00C46584 /* ContributorCell.swift */; };
		0B3FCC981C343DCE00C46584 /* Assets.xcassets in Resources */ = {isa = PBXBuildFile; fileRef = 0B3FCC811C343DCE00C46584 /* Assets.xcassets */; };
		0B3FCC9A1C343DCE00C46584 /* InfoPlist.strings in Resources */ = {isa = PBXBuildFile; fileRef = 0B3FCC841C343DCE00C46584 /* InfoPlist.strings */; };
		0B3FCC9B1C343DCE00C46584 /* Localizable.strings in Resources */ = {isa = PBXBuildFile; fileRef = 0B3FCC861C343DCE00C46584 /* Localizable.strings */; };
		0B3FCC9C1C343DCE00C46584 /* LaunchScreen.storyboard in Resources */ = {isa = PBXBuildFile; fileRef = 0B3FCC891C343DCE00C46584 /* LaunchScreen.storyboard */; };
		0B3FCC9D1C343DCE00C46584 /* Main.storyboard in Resources */ = {isa = PBXBuildFile; fileRef = 0B3FCC8A1C343DCE00C46584 /* Main.storyboard */; };
		0B8146C11C3D145F0006BB4E /* WPREnums.swift in Sources */ = {isa = PBXBuildFile; fileRef = 0B8146BD1C3D145F0006BB4E /* WPREnums.swift */; };
		0B8146C21C3D145F0006BB4E /* WPRExtensions.swift in Sources */ = {isa = PBXBuildFile; fileRef = 0B8146BE1C3D145F0006BB4E /* WPRExtensions.swift */; };
		0B8146C31C3D145F0006BB4E /* WPRObject.swift in Sources */ = {isa = PBXBuildFile; fileRef = 0B8146BF1C3D145F0006BB4E /* WPRObject.swift */; };
		0B8146C41C3D145F0006BB4E /* WPRStructs.swift in Sources */ = {isa = PBXBuildFile; fileRef = 0B8146C01C3D145F0006BB4E /* WPRStructs.swift */; };
		754863C9A5EBC0107764CDEF /* Pods_Warp.framework in Frameworks */ = {isa = PBXBuildFile; fileRef = 5D99C5DC70897B5445392F71 /* Pods_Warp.framework */; };
/* End PBXBuildFile section */

/* Begin PBXFileReference section */
		07D399D40D89F38AEDB64A47 /* Pods.framework */ = {isa = PBXFileReference; explicitFileType = wrapper.framework; includeInIndex = 0; path = Pods.framework; sourceTree = BUILT_PRODUCTS_DIR; };
		0B3FCC691C343DCE00C46584 /* ContributorsVC.swift */ = {isa = PBXFileReference; fileEncoding = 4; lastKnownFileType = sourcecode.swift; path = ContributorsVC.swift; sourceTree = "<group>"; };
		0B3FCC6A1C343DCE00C46584 /* DetailVC.swift */ = {isa = PBXFileReference; fileEncoding = 4; lastKnownFileType = sourcecode.swift; path = DetailVC.swift; sourceTree = "<group>"; };
		0B3FCC6E1C343DCE00C46584 /* Localizations.swift */ = {isa = PBXFileReference; fileEncoding = 4; lastKnownFileType = sourcecode.swift; path = Localizations.swift; sourceTree = "<group>"; };
		0B3FCC701C343DCE00C46584 /* AppDelegate.swift */ = {isa = PBXFileReference; fileEncoding = 4; lastKnownFileType = sourcecode.swift; path = AppDelegate.swift; sourceTree = "<group>"; };
		0B3FCC731C343DCE00C46584 /* ContributorAPI.swift */ = {isa = PBXFileReference; fileEncoding = 4; lastKnownFileType = sourcecode.swift; path = ContributorAPI.swift; sourceTree = "<group>"; };
		0B3FCC7A1C343DCE00C46584 /* Contributor.swift */ = {isa = PBXFileReference; fileEncoding = 4; lastKnownFileType = sourcecode.swift; path = Contributor.swift; sourceTree = "<group>"; };
		0B3FCC7D1C343DCE00C46584 /* ContributorCell.swift */ = {isa = PBXFileReference; fileEncoding = 4; lastKnownFileType = sourcecode.swift; path = ContributorCell.swift; sourceTree = "<group>"; };
		0B3FCC811C343DCE00C46584 /* Assets.xcassets */ = {isa = PBXFileReference; lastKnownFileType = folder.assetcatalog; path = Assets.xcassets; sourceTree = "<group>"; };
		0B3FCC821C343DCE00C46584 /* Info.plist */ = {isa = PBXFileReference; fileEncoding = 4; lastKnownFileType = text.plist.xml; path = Info.plist; sourceTree = "<group>"; };
		0B3FCC851C343DCE00C46584 /* en */ = {isa = PBXFileReference; lastKnownFileType = text.plist.strings; name = en; path = en.lproj/InfoPlist.strings; sourceTree = "<group>"; };
		0B3FCC871C343DCE00C46584 /* en */ = {isa = PBXFileReference; lastKnownFileType = text.plist.strings; name = en; path = en.lproj/Localizable.strings; sourceTree = "<group>"; };
		0B3FCC891C343DCE00C46584 /* LaunchScreen.storyboard */ = {isa = PBXFileReference; fileEncoding = 4; lastKnownFileType = file.storyboard; path = LaunchScreen.storyboard; sourceTree = "<group>"; };
		0B3FCC8A1C343DCE00C46584 /* Main.storyboard */ = {isa = PBXFileReference; fileEncoding = 4; lastKnownFileType = file.storyboard; path = Main.storyboard; sourceTree = "<group>"; };
		0B8146BD1C3D145F0006BB4E /* WPREnums.swift */ = {isa = PBXFileReference; fileEncoding = 4; lastKnownFileType = sourcecode.swift; path = WPREnums.swift; sourceTree = "<group>"; };
		0B8146BE1C3D145F0006BB4E /* WPRExtensions.swift */ = {isa = PBXFileReference; fileEncoding = 4; lastKnownFileType = sourcecode.swift; path = WPRExtensions.swift; sourceTree = "<group>"; };
		0B8146BF1C3D145F0006BB4E /* WPRObject.swift */ = {isa = PBXFileReference; fileEncoding = 4; lastKnownFileType = sourcecode.swift; path = WPRObject.swift; sourceTree = "<group>"; };
		0B8146C01C3D145F0006BB4E /* WPRStructs.swift */ = {isa = PBXFileReference; fileEncoding = 4; lastKnownFileType = sourcecode.swift; path = WPRStructs.swift; sourceTree = "<group>"; };
		0BF9E6281BF2333D0055C0D8 /* Warp.app */ = {isa = PBXFileReference; explicitFileType = wrapper.application; includeInIndex = 0; path = Warp.app; sourceTree = BUILT_PRODUCTS_DIR; };
		5D99C5DC70897B5445392F71 /* Pods_Warp.framework */ = {isa = PBXFileReference; explicitFileType = wrapper.framework; includeInIndex = 0; path = Pods_Warp.framework; sourceTree = BUILT_PRODUCTS_DIR; };
		D672C1F28A30AE8FC2BEB96D /* Pods-Warp.debug.xcconfig */ = {isa = PBXFileReference; includeInIndex = 1; lastKnownFileType = text.xcconfig; name = "Pods-Warp.debug.xcconfig"; path = "Pods/Target Support Files/Pods-Warp/Pods-Warp.debug.xcconfig"; sourceTree = "<group>"; };
		E78DD96F28D4198ED14E00FE /* Pods-Warp.release.xcconfig */ = {isa = PBXFileReference; includeInIndex = 1; lastKnownFileType = text.xcconfig; name = "Pods-Warp.release.xcconfig"; path = "Pods/Target Support Files/Pods-Warp/Pods-Warp.release.xcconfig"; sourceTree = "<group>"; };
/* End PBXFileReference section */

/* Begin PBXFrameworksBuildPhase section */
		0BF9E6251BF2333D0055C0D8 /* Frameworks */ = {
			isa = PBXFrameworksBuildPhase;
			buildActionMask = 2147483647;
			files = (
				754863C9A5EBC0107764CDEF /* Pods_Warp.framework in Frameworks */,
			);
			runOnlyForDeploymentPostprocessing = 0;
		};
/* End PBXFrameworksBuildPhase section */

/* Begin PBXGroup section */
		0B3FCC661C343DCE00C46584 /* Warp */ = {
			isa = PBXGroup;
			children = (
				0B3FCC671C343DCE00C46584 /* Classes */,
				0B3FCC801C343DCE00C46584 /* Resources */,
			);
			path = Warp;
			sourceTree = "<group>";
		};
		0B3FCC671C343DCE00C46584 /* Classes */ = {
			isa = PBXGroup;
			children = (
				0B3FCC681C343DCE00C46584 /* Controllers */,
				0B3FCC6D1C343DCE00C46584 /* Generated */,
				0B3FCC6F1C343DCE00C46584 /* Launcher */,
				0B3FCC711C343DCE00C46584 /* Model */,
				0B3FCC7B1C343DCE00C46584 /* Views */,
			);
			path = Classes;
			sourceTree = "<group>";
		};
		0B3FCC681C343DCE00C46584 /* Controllers */ = {
			isa = PBXGroup;
			children = (
				0B3FCC691C343DCE00C46584 /* ContributorsVC.swift */,
				0B3FCC6A1C343DCE00C46584 /* DetailVC.swift */,
			);
			path = Controllers;
			sourceTree = "<group>";
		};
		0B3FCC6D1C343DCE00C46584 /* Generated */ = {
			isa = PBXGroup;
			children = (
				0B3FCC6E1C343DCE00C46584 /* Localizations.swift */,
			);
			path = Generated;
			sourceTree = "<group>";
		};
		0B3FCC6F1C343DCE00C46584 /* Launcher */ = {
			isa = PBXGroup;
			children = (
				0B3FCC701C343DCE00C46584 /* AppDelegate.swift */,
			);
			path = Launcher;
			sourceTree = "<group>";
		};
		0B3FCC711C343DCE00C46584 /* Model */ = {
			isa = PBXGroup;
			children = (
				0B3FCC721C343DCE00C46584 /* API */,
				0B3FCC741C343DCE00C46584 /* Objects */,
			);
			path = Model;
			sourceTree = "<group>";
		};
		0B3FCC721C343DCE00C46584 /* API */ = {
			isa = PBXGroup;
			children = (
				0B3FCC731C343DCE00C46584 /* ContributorAPI.swift */,
			);
			path = API;
			sourceTree = "<group>";
		};
		0B3FCC741C343DCE00C46584 /* Objects */ = {
			isa = PBXGroup;
			children = (
				0B3FCC751C343DCE00C46584 /* Base */,
				0B3FCC7A1C343DCE00C46584 /* Contributor.swift */,
			);
			path = Objects;
			sourceTree = "<group>";
		};
		0B3FCC751C343DCE00C46584 /* Base */ = {
			isa = PBXGroup;
			children = (
				0B8146BD1C3D145F0006BB4E /* WPREnums.swift */,
				0B8146BE1C3D145F0006BB4E /* WPRExtensions.swift */,
				0B8146BF1C3D145F0006BB4E /* WPRObject.swift */,
				0B8146C01C3D145F0006BB4E /* WPRStructs.swift */,
			);
			path = Base;
			sourceTree = "<group>";
		};
		0B3FCC7B1C343DCE00C46584 /* Views */ = {
			isa = PBXGroup;
			children = (
				0B3FCC7C1C343DCE00C46584 /* Cells */,
			);
			path = Views;
			sourceTree = "<group>";
		};
		0B3FCC7C1C343DCE00C46584 /* Cells */ = {
			isa = PBXGroup;
			children = (
				0B3FCC7D1C343DCE00C46584 /* ContributorCell.swift */,
			);
			path = Cells;
			sourceTree = "<group>";
		};
		0B3FCC801C343DCE00C46584 /* Resources */ = {
			isa = PBXGroup;
			children = (
				0B3FCC811C343DCE00C46584 /* Assets.xcassets */,
				0B3FCC821C343DCE00C46584 /* Info.plist */,
				0B3FCC831C343DCE00C46584 /* Localizations */,
				0B3FCC881C343DCE00C46584 /* Storyboards */,
			);
			path = Resources;
			sourceTree = "<group>";
		};
		0B3FCC831C343DCE00C46584 /* Localizations */ = {
			isa = PBXGroup;
			children = (
				0B3FCC841C343DCE00C46584 /* InfoPlist.strings */,
				0B3FCC861C343DCE00C46584 /* Localizable.strings */,
			);
			path = Localizations;
			sourceTree = "<group>";
		};
		0B3FCC881C343DCE00C46584 /* Storyboards */ = {
			isa = PBXGroup;
			children = (
				0B3FCC891C343DCE00C46584 /* LaunchScreen.storyboard */,
				0B3FCC8A1C343DCE00C46584 /* Main.storyboard */,
			);
			path = Storyboards;
			sourceTree = "<group>";
		};
		0BF9E61F1BF2333D0055C0D8 = {
			isa = PBXGroup;
			children = (
				0B3FCC661C343DCE00C46584 /* Warp */,
				0BF9E6291BF2333D0055C0D8 /* Products */,
				368514CBD199FDB3F54AABCD /* Frameworks */,
				21DC01A78541AC6834963FAF /* Pods */,
			);
			sourceTree = "<group>";
		};
		0BF9E6291BF2333D0055C0D8 /* Products */ = {
			isa = PBXGroup;
			children = (
				0BF9E6281BF2333D0055C0D8 /* Warp.app */,
			);
			name = Products;
			sourceTree = "<group>";
		};
		21DC01A78541AC6834963FAF /* Pods */ = {
			isa = PBXGroup;
			children = (
				D672C1F28A30AE8FC2BEB96D /* Pods-Warp.debug.xcconfig */,
				E78DD96F28D4198ED14E00FE /* Pods-Warp.release.xcconfig */,
			);
			name = Pods;
			sourceTree = "<group>";
		};
		368514CBD199FDB3F54AABCD /* Frameworks */ = {
			isa = PBXGroup;
			children = (
				07D399D40D89F38AEDB64A47 /* Pods.framework */,
				5D99C5DC70897B5445392F71 /* Pods_Warp.framework */,
			);
			name = Frameworks;
			sourceTree = "<group>";
		};
/* End PBXGroup section */

/* Begin PBXNativeTarget section */
		0BF9E6271BF2333D0055C0D8 /* Warp */ = {
			isa = PBXNativeTarget;
			buildConfigurationList = 0BF9E63A1BF2333D0055C0D8 /* Build configuration list for PBXNativeTarget "Warp" */;
			buildPhases = (
				8287BBC6A468E3C0A8CF5D32 /* Check Pods Manifest.lock */,
				0BF9E6241BF2333D0055C0D8 /* Sources */,
				0BF9E6251BF2333D0055C0D8 /* Frameworks */,
				0BF9E6261BF2333D0055C0D8 /* Resources */,
				0BF9E6791BF2375E0055C0D8 /* Laurine Generator */,
				BE1D9163C71AFBB90EDB960A /* Embed Pods Frameworks */,
				F1C698BD4EC2178D1A79A768 /* Copy Pods Resources */,
			);
			buildRules = (
			);
			dependencies = (
			);
			name = Warp;
			productName = Laurine;
			productReference = 0BF9E6281BF2333D0055C0D8 /* Warp.app */;
			productType = "com.apple.product-type.application";
		};
/* End PBXNativeTarget section */

/* Begin PBXProject section */
		0BF9E6201BF2333D0055C0D8 /* Project object */ = {
			isa = PBXProject;
			attributes = {
				LastSwiftUpdateCheck = 0710;
				LastUpgradeCheck = 0720;
				ORGANIZATIONNAME = "Jiri Trecak";
				TargetAttributes = {
					0BF9E6271BF2333D0055C0D8 = {
						CreatedOnToolsVersion = 7.1;
					};
				};
			};
			buildConfigurationList = 0BF9E6231BF2333D0055C0D8 /* Build configuration list for PBXProject "Warp" */;
			compatibilityVersion = "Xcode 3.2";
			developmentRegion = English;
			hasScannedForEncodings = 0;
			knownRegions = (
				en,
				Base,
				cs,
			);
			mainGroup = 0BF9E61F1BF2333D0055C0D8;
			productRefGroup = 0BF9E6291BF2333D0055C0D8 /* Products */;
			projectDirPath = "";
			projectRoot = "";
			targets = (
				0BF9E6271BF2333D0055C0D8 /* Warp */,
			);
		};
/* End PBXProject section */

/* Begin PBXResourcesBuildPhase section */
		0BF9E6261BF2333D0055C0D8 /* Resources */ = {
			isa = PBXResourcesBuildPhase;
			buildActionMask = 2147483647;
			files = (
				0B3FCC9B1C343DCE00C46584 /* Localizable.strings in Resources */,
				0B3FCC9A1C343DCE00C46584 /* InfoPlist.strings in Resources */,
				0B3FCC9D1C343DCE00C46584 /* Main.storyboard in Resources */,
				0B3FCC9C1C343DCE00C46584 /* LaunchScreen.storyboard in Resources */,
				0B3FCC981C343DCE00C46584 /* Assets.xcassets in Resources */,
			);
			runOnlyForDeploymentPostprocessing = 0;
		};
/* End PBXResourcesBuildPhase section */

/* Begin PBXShellScriptBuildPhase section */
		0BF9E6791BF2375E0055C0D8 /* Laurine Generator */ = {
			isa = PBXShellScriptBuildPhase;
			buildActionMask = 2147483647;
			files = (
			);
			inputPaths = (
			);
			name = "Laurine Generator";
			outputPaths = (
			);
			runOnlyForDeploymentPostprocessing = 0;
			shellPath = /bin/sh;
			shellScript = "set -x\n\n#--------- START OF CONFIGURATION\n\n# Get base path to project\nBASE_PATH=\"$PROJECT_DIR/$PROJECT_NAME\"\n\n# Get path to Laurine Generator script\nLAURINE_PATH=\"$BASE_PATH/Generators/LaurineGenerator.swift\"\n\n# Get path to main localization file (usually english).\nSOURCE_PATH=\"$BASE_PATH/Resources/Localizations/en.lproj/Localizable.strings\"\n\n# Get path to output. If you use ObjC version of output, set implementation file (.m), as header will be generated automatically\nOUTPUT_PATH=\"$BASE_PATH/Classes/Generated/Localizations.swift\"\n\n#--------- END OF CONFIGURATION\n\n# Add permission to generator for script execution\nchmod 755 $LAURINE_PATH\n\n# Actually generate output. -- CUSTOMIZE -- parameters to your needs (see documentation).\n# Will only re-generate script if something changed\nif [ \"$OUTPUT_PATH\" -ot \"$SOURCE_PATH\" ]; then\n\"$LAURINE_PATH\" -i \"$SOURCE_PATH\" -o \"$OUTPUT_PATH\"\nfi\n\n";
		};
		8287BBC6A468E3C0A8CF5D32 /* Check Pods Manifest.lock */ = {
			isa = PBXShellScriptBuildPhase;
			buildActionMask = 2147483647;
			files = (
			);
			inputPaths = (
			);
			name = "Check Pods Manifest.lock";
			outputPaths = (
			);
			runOnlyForDeploymentPostprocessing = 0;
			shellPath = /bin/sh;
			shellScript = "diff \"${PODS_ROOT}/../Podfile.lock\" \"${PODS_ROOT}/Manifest.lock\" > /dev/null\nif [[ $? != 0 ]] ; then\n    cat << EOM\nerror: The sandbox is not in sync with the Podfile.lock. Run 'pod install' or update your CocoaPods installation.\nEOM\n    exit 1\nfi\n";
			showEnvVarsInLog = 0;
		};
		BE1D9163C71AFBB90EDB960A /* Embed Pods Frameworks */ = {
			isa = PBXShellScriptBuildPhase;
			buildActionMask = 2147483647;
			files = (
			);
			inputPaths = (
			);
			name = "Embed Pods Frameworks";
			outputPaths = (
			);
			runOnlyForDeploymentPostprocessing = 0;
			shellPath = /bin/sh;
			shellScript = "\"${SRCROOT}/Pods/Target Support Files/Pods-Warp/Pods-Warp-frameworks.sh\"\n";
			showEnvVarsInLog = 0;
		};
		F1C698BD4EC2178D1A79A768 /* Copy Pods Resources */ = {
			isa = PBXShellScriptBuildPhase;
			buildActionMask = 2147483647;
			files = (
			);
			inputPaths = (
			);
			name = "Copy Pods Resources";
			outputPaths = (
			);
			runOnlyForDeploymentPostprocessing = 0;
			shellPath = /bin/sh;
			shellScript = "\"${SRCROOT}/Pods/Target Support Files/Pods-Warp/Pods-Warp-resources.sh\"\n";
			showEnvVarsInLog = 0;
		};
/* End PBXShellScriptBuildPhase section */

/* Begin PBXSourcesBuildPhase section */
		0BF9E6241BF2333D0055C0D8 /* Sources */ = {
			isa = PBXSourcesBuildPhase;
			buildActionMask = 2147483647;
			files = (
				0B3FCC8B1C343DCE00C46584 /* ContributorsVC.swift in Sources */,
				0B3FCC901C343DCE00C46584 /* ContributorAPI.swift in Sources */,
				0B8146C11C3D145F0006BB4E /* WPREnums.swift in Sources */,
				0B3FCC8E1C343DCE00C46584 /* Localizations.swift in Sources */,
				0B8146C31C3D145F0006BB4E /* WPRObject.swift in Sources */,
				0B3FCC8F1C343DCE00C46584 /* AppDelegate.swift in Sources */,
				0B3FCC8C1C343DCE00C46584 /* DetailVC.swift in Sources */,
				0B8146C41C3D145F0006BB4E /* WPRStructs.swift in Sources */,
				0B3FCC951C343DCE00C46584 /* Contributor.swift in Sources */,
				0B3FCC961C343DCE00C46584 /* ContributorCell.swift in Sources */,
				0B8146C21C3D145F0006BB4E /* WPRExtensions.swift in Sources */,
			);
			runOnlyForDeploymentPostprocessing = 0;
		};
/* End PBXSourcesBuildPhase section */

/* Begin PBXVariantGroup section */
		0B3FCC841C343DCE00C46584 /* InfoPlist.strings */ = {
			isa = PBXVariantGroup;
			children = (
				0B3FCC851C343DCE00C46584 /* en */,
			);
			name = InfoPlist.strings;
			sourceTree = "<group>";
		};
		0B3FCC861C343DCE00C46584 /* Localizable.strings */ = {
			isa = PBXVariantGroup;
			children = (
				0B3FCC871C343DCE00C46584 /* en */,
			);
			name = Localizable.strings;
			sourceTree = "<group>";
		};
/* End PBXVariantGroup section */

/* Begin XCBuildConfiguration section */
		0BF9E6381BF2333D0055C0D8 /* Debug */ = {
			isa = XCBuildConfiguration;
			buildSettings = {
				ALWAYS_SEARCH_USER_PATHS = NO;
				CLANG_CXX_LANGUAGE_STANDARD = "gnu++0x";
				CLANG_CXX_LIBRARY = "libc++";
				CLANG_ENABLE_MODULES = YES;
				CLANG_ENABLE_OBJC_ARC = YES;
				CLANG_WARN_BOOL_CONVERSION = YES;
				CLANG_WARN_CONSTANT_CONVERSION = YES;
				CLANG_WARN_DIRECT_OBJC_ISA_USAGE = YES_ERROR;
				CLANG_WARN_EMPTY_BODY = YES;
				CLANG_WARN_ENUM_CONVERSION = YES;
				CLANG_WARN_INT_CONVERSION = YES;
				CLANG_WARN_OBJC_ROOT_CLASS = YES_ERROR;
				CLANG_WARN_UNREACHABLE_CODE = YES;
				CLANG_WARN__DUPLICATE_METHOD_MATCH = YES;
				"CODE_SIGN_IDENTITY[sdk=iphoneos*]" = "iPhone Developer";
				COPY_PHASE_STRIP = NO;
				DEBUG_INFORMATION_FORMAT = dwarf;
				ENABLE_STRICT_OBJC_MSGSEND = YES;
				ENABLE_TESTABILITY = YES;
				GCC_C_LANGUAGE_STANDARD = gnu99;
				GCC_DYNAMIC_NO_PIC = NO;
				GCC_NO_COMMON_BLOCKS = YES;
				GCC_OPTIMIZATION_LEVEL = 0;
				GCC_PREPROCESSOR_DEFINITIONS = (
					"DEBUG=1",
					"$(inherited)",
				);
				GCC_WARN_64_TO_32_BIT_CONVERSION = YES;
				GCC_WARN_ABOUT_RETURN_TYPE = YES_ERROR;
				GCC_WARN_UNDECLARED_SELECTOR = YES;
				GCC_WARN_UNINITIALIZED_AUTOS = YES_AGGRESSIVE;
				GCC_WARN_UNUSED_FUNCTION = YES;
				GCC_WARN_UNUSED_VARIABLE = YES;
				IPHONEOS_DEPLOYMENT_TARGET = 9.1;
				MTL_ENABLE_DEBUG_INFO = YES;
				ONLY_ACTIVE_ARCH = YES;
				SDKROOT = iphoneos;
				SWIFT_OPTIMIZATION_LEVEL = "-Onone";
			};
			name = Debug;
		};
		0BF9E6391BF2333D0055C0D8 /* Release */ = {
			isa = XCBuildConfiguration;
			buildSettings = {
				ALWAYS_SEARCH_USER_PATHS = NO;
				CLANG_CXX_LANGUAGE_STANDARD = "gnu++0x";
				CLANG_CXX_LIBRARY = "libc++";
				CLANG_ENABLE_MODULES = YES;
				CLANG_ENABLE_OBJC_ARC = YES;
				CLANG_WARN_BOOL_CONVERSION = YES;
				CLANG_WARN_CONSTANT_CONVERSION = YES;
				CLANG_WARN_DIRECT_OBJC_ISA_USAGE = YES_ERROR;
				CLANG_WARN_EMPTY_BODY = YES;
				CLANG_WARN_ENUM_CONVERSION = YES;
				CLANG_WARN_INT_CONVERSION = YES;
				CLANG_WARN_OBJC_ROOT_CLASS = YES_ERROR;
				CLANG_WARN_UNREACHABLE_CODE = YES;
				CLANG_WARN__DUPLICATE_METHOD_MATCH = YES;
				"CODE_SIGN_IDENTITY[sdk=iphoneos*]" = "iPhone Developer";
				COPY_PHASE_STRIP = NO;
				DEBUG_INFORMATION_FORMAT = "dwarf-with-dsym";
				ENABLE_NS_ASSERTIONS = NO;
				ENABLE_STRICT_OBJC_MSGSEND = YES;
				GCC_C_LANGUAGE_STANDARD = gnu99;
				GCC_NO_COMMON_BLOCKS = YES;
				GCC_WARN_64_TO_32_BIT_CONVERSION = YES;
				GCC_WARN_ABOUT_RETURN_TYPE = YES_ERROR;
				GCC_WARN_UNDECLARED_SELECTOR = YES;
				GCC_WARN_UNINITIALIZED_AUTOS = YES_AGGRESSIVE;
				GCC_WARN_UNUSED_FUNCTION = YES;
				GCC_WARN_UNUSED_VARIABLE = YES;
				IPHONEOS_DEPLOYMENT_TARGET = 9.1;
				MTL_ENABLE_DEBUG_INFO = NO;
				SDKROOT = iphoneos;
				VALIDATE_PRODUCT = YES;
			};
			name = Release;
		};
		0BF9E63B1BF2333D0055C0D8 /* Debug */ = {
			isa = XCBuildConfiguration;
			baseConfigurationReference = D672C1F28A30AE8FC2BEB96D /* Pods-Warp.debug.xcconfig */;
			buildSettings = {
				ASSETCATALOG_COMPILER_APPICON_NAME = AppIcon;
				ASSETCATALOG_COMPILER_LAUNCHIMAGE_NAME = "Brand Assets";
				INFOPLIST_FILE = "$(SRCROOT)/Warp/Resources/Info.plist";
				IPHONEOS_DEPLOYMENT_TARGET = 9.0;
				LD_RUNPATH_SEARCH_PATHS = "$(inherited) @executable_path/Frameworks";
				PRODUCT_BUNDLE_IDENTIFIER = com.example.Warp;
				PRODUCT_NAME = Warp;
				TARGETED_DEVICE_FAMILY = "1,2";
			};
			name = Debug;
		};
		0BF9E63C1BF2333D0055C0D8 /* Release */ = {
			isa = XCBuildConfiguration;
			baseConfigurationReference = E78DD96F28D4198ED14E00FE /* Pods-Warp.release.xcconfig */;
			buildSettings = {
				ASSETCATALOG_COMPILER_APPICON_NAME = AppIcon;
				ASSETCATALOG_COMPILER_LAUNCHIMAGE_NAME = "Brand Assets";
				INFOPLIST_FILE = "$(SRCROOT)/Warp/Resources/Info.plist";
				IPHONEOS_DEPLOYMENT_TARGET = 9.0;
				LD_RUNPATH_SEARCH_PATHS = "$(inherited) @executable_path/Frameworks";
				PRODUCT_BUNDLE_IDENTIFIER = com.example.Warp;
				PRODUCT_NAME = Warp;
				TARGETED_DEVICE_FAMILY = "1,2";
			};
			name = Release;
		};
/* End XCBuildConfiguration section */

/* Begin XCConfigurationList section */
		0BF9E6231BF2333D0055C0D8 /* Build configuration list for PBXProject "Warp" */ = {
			isa = XCConfigurationList;
			buildConfigurations = (
				0BF9E6381BF2333D0055C0D8 /* Debug */,
				0BF9E6391BF2333D0055C0D8 /* Release */,
			);
			defaultConfigurationIsVisible = 0;
			defaultConfigurationName = Release;
		};
		0BF9E63A1BF2333D0055C0D8 /* Build configuration list for PBXNativeTarget "Warp" */ = {
			isa = XCConfigurationList;
			buildConfigurations = (
				0BF9E63B1BF2333D0055C0D8 /* Debug */,
				0BF9E63C1BF2333D0055C0D8 /* Release */,
			);
			defaultConfigurationIsVisible = 0;
			defaultConfigurationName = Release;
		};
/* End XCConfigurationList section */
	};
	rootObject = 0BF9E6201BF2333D0055C0D8 /* Project object */;
}
